
Microsoft Visual Studio Solution File, Format Version 12.00
# Visual Studio Version 17
VisualStudioVersion = 17.2.32630.192
MinimumVisualStudioVersion = 10.0.40219.1
Project("{FAE04EC0-301F-11D3-BF4B-00C04F79EFBC}") = "puissance4_KillianGanne", "puissance4_KillianGanne.csproj", "{5BD30AD3-0DD3-4354-920B-49CE3E195EEF}"
EndProject
Project("{FAE04EC0-301F-11D3-BF4B-00C04F79EFBC}") = "tableau", "..\tableau\tableau.csproj", "{73B0F8D2-93A4-4D64-92F6-1F34E62776B3}"
EndProject
Project("{FAE04EC0-301F-11D3-BF4B-00C04F79EFBC}") = "tableauv2", "..\tableauv2\tableauv2.csproj", "{AE444C73-0C3D-411B-9D3A-DA715E19C81F}"
EndProject
Global
	GlobalSection(SolutionConfigurationPlatforms) = preSolution
		Debug|Any CPU = Debug|Any CPU
		Release|Any CPU = Release|Any CPU
	EndGlobalSection
	GlobalSection(ProjectConfigurationPlatforms) = postSolution
		{5BD30AD3-0DD3-4354-920B-49CE3E195EEF}.Debug|Any CPU.ActiveCfg = Debug|Any CPU
		{5BD30AD3-0DD3-4354-920B-49CE3E195EEF}.Debug|Any CPU.Build.0 = Debug|Any CPU
		{5BD30AD3-0DD3-4354-920B-49CE3E195EEF}.Release|Any CPU.ActiveCfg = Release|Any CPU
		{5BD30AD3-0DD3-4354-920B-49CE3E195EEF}.Release|Any CPU.Build.0 = Release|Any CPU
		{73B0F8D2-93A4-4D64-92F6-1F34E62776B3}.Debug|Any CPU.ActiveCfg = Debug|Any CPU
		{73B0F8D2-93A4-4D64-92F6-1F34E62776B3}.Debug|Any CPU.Build.0 = Debug|Any CPU
		{73B0F8D2-93A4-4D64-92F6-1F34E62776B3}.Release|Any CPU.ActiveCfg = Release|Any CPU
		{73B0F8D2-93A4-4D64-92F6-1F34E62776B3}.Release|Any CPU.Build.0 = Release|Any CPU
		{AE444C73-0C3D-411B-9D3A-DA715E19C81F}.Debug|Any CPU.ActiveCfg = Debug|Any CPU
		{AE444C73-0C3D-411B-9D3A-DA715E19C81F}.Debug|Any CPU.Build.0 = Debug|Any CPU
		{AE444C73-0C3D-411B-9D3A-DA715E19C81F}.Release|Any CPU.ActiveCfg = Release|Any CPU
		{AE444C73-0C3D-411B-9D3A-DA715E19C81F}.Release|Any CPU.Build.0 = Release|Any CPU
	EndGlobalSection
	GlobalSection(SolutionProperties) = preSolution
		HideSolutionNode = FALSE
	EndGlobalSection
	GlobalSection(ExtensibilityGlobals) = postSolution
		SolutionGuid = {C6B07336-8829-447A-BA6F-F5125B590719}
	EndGlobalSection
EndGlobal
